
Microsoft Visual Studio Solution File, Format Version 12.00
# Visual Studio Version 17
VisualStudioVersion = 17.0.32014.148
MinimumVisualStudioVersion = 10.0.40219.1
Project("{FAE04EC0-301F-11D3-BF4B-00C04F79EFBC}") = "Practic1", "Practic1.csproj", "{BDAC5A28-47CB-4548-84F3-B7F6EA29F8FD}"
EndProject
Global
	GlobalSection(SolutionConfigurationPlatforms) = preSolution
		Debug|Any CPU = Debug|Any CPU
		Release|Any CPU = Release|Any CPU
	EndGlobalSection
	GlobalSection(ProjectConfigurationPlatforms) = postSolution
		{BDAC5A28-47CB-4548-84F3-B7F6EA29F8FD}.Debug|Any CPU.ActiveCfg = Debug|Any CPU
		{BDAC5A28-47CB-4548-84F3-B7F6EA29F8FD}.Debug|Any CPU.Build.0 = Debug|Any CPU
		{BDAC5A28-47CB-4548-84F3-B7F6EA29F8FD}.Release|Any CPU.ActiveCfg = Release|Any CPU
		{BDAC5A28-47CB-4548-84F3-B7F6EA29F8FD}.Release|Any CPU.Build.0 = Release|Any CPU
	EndGlobalSection
	GlobalSection(SolutionProperties) = preSolution
		HideSolutionNode = FALSE
	EndGlobalSection
	GlobalSection(ExtensibilityGlobals) = postSolution
		SolutionGuid = {94DCA798-AB33-4E30-AF41-F2FA8B9A2D7F}
	EndGlobalSection
EndGlobal
